
Microsoft Visual Studio Solution File, Format Version 12.00
Project("{FAE04EC0-301F-11D3-BF4B-00C04F79EFBC}") = "APIGateway", "APIGateway\APIGateway.csproj", "{79E43DE7-9878-4F96-8510-4154DD16DA44}"
EndProject
Project("{2150E333-8FDC-42A3-9474-1A3956D46DE8}") = "Services", "Services", "{20294868-DC48-4773-921F-3A8866FFCE78}"
EndProject
Project("{FAE04EC0-301F-11D3-BF4B-00C04F79EFBC}") = "Contact.API", "Services\ContactAPI\Contact.API\Contact.API.csproj", "{C7C45725-22E6-4C29-8706-EBD63AA6CE3F}"
EndProject
Project("{FAE04EC0-301F-11D3-BF4B-00C04F79EFBC}") = "Contact.API.Infrastructure", "Services\ContactAPI\Contact.API.Infrastructure\Contact.API.Infrastructure.csproj", "{08E5B135-88E2-45A2-87FF-A84F237EF2CD}"
EndProject
Project("{2150E333-8FDC-42A3-9474-1A3956D46DE8}") = "ContactAPI", "ContactAPI", "{F0379263-ADCA-430F-84DE-E70CD4CFAB57}"
EndProject
Project("{2150E333-8FDC-42A3-9474-1A3956D46DE8}") = "ReservationAPI", "ReservationAPI", "{0461FF9E-173D-4171-822F-0220B3C37E8C}"
EndProject
Project("{FAE04EC0-301F-11D3-BF4B-00C04F79EFBC}") = "Contact.API.Models", "Services\ContactAPI\Contact.API.Models\Contact.API.Models\Contact.API.Models.csproj", "{12BE7772-B4F7-4779-90B5-C586B98E9AB1}"
EndProject
Project("{FAE04EC0-301F-11D3-BF4B-00C04F79EFBC}") = "Contact.API.Services", "Services\ContactAPI\Contact.API.Services\Contact.API.Services\Contact.API.Services.csproj", "{797D6DD3-CA48-4368-9473-2D7B67664C58}"
EndProject
Project("{FAE04EC0-301F-11D3-BF4B-00C04F79EFBC}") = "Reservation.API", "Services\ReservationAPI\Reservation.API\Reservation.API\Reservation.API.csproj", "{9BCCAC5B-7E0C-4FCC-896D-2B51BC44F536}"
EndProject
Project("{FAE04EC0-301F-11D3-BF4B-00C04F79EFBC}") = "Reservation.API.Infrastructure", "Services\ReservationAPI\Reservation.API.Infrastructure\Reservation.API.Infrastructure\Reservation.API.Infrastructure.csproj", "{8741F1A3-8CA4-477E-8AD3-BDE6C9E81A04}"
EndProject
Project("{FAE04EC0-301F-11D3-BF4B-00C04F79EFBC}") = "Reservation.API.Services", "Services\ReservationAPI\Reservation.API.Services\Reservation.API.Services\Reservation.API.Services.csproj", "{1FAA5F4F-66D0-4801-B009-30D1103CB1E5}"
EndProject
Project("{FAE04EC0-301F-11D3-BF4B-00C04F79EFBC}") = "Reservation.API.Models", "Services\ReservationAPI\Reservation.API.Models\Reservation.API.Models\Reservation.API.Models.csproj", "{9EB826C2-FBCC-4936-A388-52A23ACBB747}"
EndProject
Global
	GlobalSection(SolutionConfigurationPlatforms) = preSolution
		Debug|Any CPU = Debug|Any CPU
		Release|Any CPU = Release|Any CPU
	EndGlobalSection
	GlobalSection(ProjectConfigurationPlatforms) = postSolution
		{79E43DE7-9878-4F96-8510-4154DD16DA44}.Debug|Any CPU.ActiveCfg = Debug|Any CPU
		{79E43DE7-9878-4F96-8510-4154DD16DA44}.Debug|Any CPU.Build.0 = Debug|Any CPU
		{79E43DE7-9878-4F96-8510-4154DD16DA44}.Release|Any CPU.ActiveCfg = Release|Any CPU
		{79E43DE7-9878-4F96-8510-4154DD16DA44}.Release|Any CPU.Build.0 = Release|Any CPU
		{C7C45725-22E6-4C29-8706-EBD63AA6CE3F}.Debug|Any CPU.ActiveCfg = Debug|Any CPU
		{C7C45725-22E6-4C29-8706-EBD63AA6CE3F}.Debug|Any CPU.Build.0 = Debug|Any CPU
		{C7C45725-22E6-4C29-8706-EBD63AA6CE3F}.Release|Any CPU.ActiveCfg = Release|Any CPU
		{C7C45725-22E6-4C29-8706-EBD63AA6CE3F}.Release|Any CPU.Build.0 = Release|Any CPU
		{08E5B135-88E2-45A2-87FF-A84F237EF2CD}.Debug|Any CPU.ActiveCfg = Debug|Any CPU
		{08E5B135-88E2-45A2-87FF-A84F237EF2CD}.Debug|Any CPU.Build.0 = Debug|Any CPU
		{08E5B135-88E2-45A2-87FF-A84F237EF2CD}.Release|Any CPU.ActiveCfg = Release|Any CPU
		{08E5B135-88E2-45A2-87FF-A84F237EF2CD}.Release|Any CPU.Build.0 = Release|Any CPU
		{12BE7772-B4F7-4779-90B5-C586B98E9AB1}.Debug|Any CPU.ActiveCfg = Debug|Any CPU
		{12BE7772-B4F7-4779-90B5-C586B98E9AB1}.Debug|Any CPU.Build.0 = Debug|Any CPU
		{12BE7772-B4F7-4779-90B5-C586B98E9AB1}.Release|Any CPU.ActiveCfg = Release|Any CPU
		{12BE7772-B4F7-4779-90B5-C586B98E9AB1}.Release|Any CPU.Build.0 = Release|Any CPU
		{797D6DD3-CA48-4368-9473-2D7B67664C58}.Debug|Any CPU.ActiveCfg = Debug|Any CPU
		{797D6DD3-CA48-4368-9473-2D7B67664C58}.Debug|Any CPU.Build.0 = Debug|Any CPU
		{797D6DD3-CA48-4368-9473-2D7B67664C58}.Release|Any CPU.ActiveCfg = Release|Any CPU
		{797D6DD3-CA48-4368-9473-2D7B67664C58}.Release|Any CPU.Build.0 = Release|Any CPU
		{9BCCAC5B-7E0C-4FCC-896D-2B51BC44F536}.Debug|Any CPU.ActiveCfg = Debug|Any CPU
		{9BCCAC5B-7E0C-4FCC-896D-2B51BC44F536}.Debug|Any CPU.Build.0 = Debug|Any CPU
		{9BCCAC5B-7E0C-4FCC-896D-2B51BC44F536}.Release|Any CPU.ActiveCfg = Release|Any CPU
		{9BCCAC5B-7E0C-4FCC-896D-2B51BC44F536}.Release|Any CPU.Build.0 = Release|Any CPU
		{8741F1A3-8CA4-477E-8AD3-BDE6C9E81A04}.Debug|Any CPU.ActiveCfg = Debug|Any CPU
		{8741F1A3-8CA4-477E-8AD3-BDE6C9E81A04}.Debug|Any CPU.Build.0 = Debug|Any CPU
		{8741F1A3-8CA4-477E-8AD3-BDE6C9E81A04}.Release|Any CPU.ActiveCfg = Release|Any CPU
		{8741F1A3-8CA4-477E-8AD3-BDE6C9E81A04}.Release|Any CPU.Build.0 = Release|Any CPU
		{1FAA5F4F-66D0-4801-B009-30D1103CB1E5}.Debug|Any CPU.ActiveCfg = Debug|Any CPU
		{1FAA5F4F-66D0-4801-B009-30D1103CB1E5}.Debug|Any CPU.Build.0 = Debug|Any CPU
		{1FAA5F4F-66D0-4801-B009-30D1103CB1E5}.Release|Any CPU.ActiveCfg = Release|Any CPU
		{1FAA5F4F-66D0-4801-B009-30D1103CB1E5}.Release|Any CPU.Build.0 = Release|Any CPU
		{9EB826C2-FBCC-4936-A388-52A23ACBB747}.Debug|Any CPU.ActiveCfg = Debug|Any CPU
		{9EB826C2-FBCC-4936-A388-52A23ACBB747}.Debug|Any CPU.Build.0 = Debug|Any CPU
		{9EB826C2-FBCC-4936-A388-52A23ACBB747}.Release|Any CPU.ActiveCfg = Release|Any CPU
		{9EB826C2-FBCC-4936-A388-52A23ACBB747}.Release|Any CPU.Build.0 = Release|Any CPU
	EndGlobalSection
	GlobalSection(NestedProjects) = preSolution
		{F0379263-ADCA-430F-84DE-E70CD4CFAB57} = {20294868-DC48-4773-921F-3A8866FFCE78}
		{C7C45725-22E6-4C29-8706-EBD63AA6CE3F} = {F0379263-ADCA-430F-84DE-E70CD4CFAB57}
		{08E5B135-88E2-45A2-87FF-A84F237EF2CD} = {F0379263-ADCA-430F-84DE-E70CD4CFAB57}
		{0461FF9E-173D-4171-822F-0220B3C37E8C} = {20294868-DC48-4773-921F-3A8866FFCE78}
		{12BE7772-B4F7-4779-90B5-C586B98E9AB1} = {F0379263-ADCA-430F-84DE-E70CD4CFAB57}
		{797D6DD3-CA48-4368-9473-2D7B67664C58} = {F0379263-ADCA-430F-84DE-E70CD4CFAB57}
		{9BCCAC5B-7E0C-4FCC-896D-2B51BC44F536} = {0461FF9E-173D-4171-822F-0220B3C37E8C}
		{8741F1A3-8CA4-477E-8AD3-BDE6C9E81A04} = {0461FF9E-173D-4171-822F-0220B3C37E8C}
		{1FAA5F4F-66D0-4801-B009-30D1103CB1E5} = {0461FF9E-173D-4171-822F-0220B3C37E8C}
		{9EB826C2-FBCC-4936-A388-52A23ACBB747} = {0461FF9E-173D-4171-822F-0220B3C37E8C}
	EndGlobalSection
EndGlobal
